
Microsoft Visual Studio Solution File, Format Version 12.00
# Visual Studio Version 16
VisualStudioVersion = 16.0.30907.101
MinimumVisualStudioVersion = 10.0.40219.1
Project("{FAE04EC0-301F-11D3-BF4B-00C04F79EFBC}") = "FBTarjeta", "FBTarjeta\FBTarjeta.csproj", "{728B4088-FD77-4CE9-A5C0-1499E21DBFEF}"
EndProject
Global
	GlobalSection(SolutionConfigurationPlatforms) = preSolution
		Debug|Any CPU = Debug|Any CPU
		Release|Any CPU = Release|Any CPU
	EndGlobalSection
	GlobalSection(ProjectConfigurationPlatforms) = postSolution
		{728B4088-FD77-4CE9-A5C0-1499E21DBFEF}.Debug|Any CPU.ActiveCfg = Debug|Any CPU
		{728B4088-FD77-4CE9-A5C0-1499E21DBFEF}.Debug|Any CPU.Build.0 = Debug|Any CPU
		{728B4088-FD77-4CE9-A5C0-1499E21DBFEF}.Release|Any CPU.ActiveCfg = Release|Any CPU
		{728B4088-FD77-4CE9-A5C0-1499E21DBFEF}.Release|Any CPU.Build.0 = Release|Any CPU
	EndGlobalSection
	GlobalSection(SolutionProperties) = preSolution
		HideSolutionNode = FALSE
	EndGlobalSection
	GlobalSection(ExtensibilityGlobals) = postSolution
		SolutionGuid = {C49011E4-3280-4A79-B5BC-CDD044632959}
	EndGlobalSection
EndGlobal
